# This file is automatically @generated by Cargo.
# It is not intended for manual editing.
version = 4

[[package]]
name = "fasm-bytecode"
version = "0.1.0"

[[package]]
name = "fasm-cli"
version = "0.1.0"
dependencies = [
 "fasm-bytecode",
 "fasm-compiler",
 "fasm-sandbox",
]

[[package]]
name = "fasm-compiler"
version = "0.1.0"
dependencies = [
 "fasm-bytecode",
]

[[package]]
name = "fasm-sandbox"
version = "0.1.0"
dependencies = [
 "fasm-bytecode",
 "fasm-vm",
]

[[package]]
name = "fasm-vm"
version = "0.1.0"
dependencies = [
 "fasm-bytecode",
]
